
Microsoft Visual Studio Solution File, Format Version 12.00
# Visual Studio Version 17
VisualStudioVersion = 17.14.36127.28 d17.14
MinimumVisualStudioVersion = 10.0.40219.1
Project("{FAE04EC0-301F-11D3-BF4B-00C04F79EFBC}") = "TodoApp", "TodoApp.csproj", "{9344701D-BA31-4247-952D-7BB95163028A}"
EndProject
Global
	GlobalSection(SolutionConfigurationPlatforms) = preSolution
		Debug|Any CPU = Debug|Any CPU
		Release|Any CPU = Release|Any CPU
	EndGlobalSection
	GlobalSection(ProjectConfigurationPlatforms) = postSolution
		{9344701D-BA31-4247-952D-7BB95163028A}.Debug|Any CPU.ActiveCfg = Debug|Any CPU
		{9344701D-BA31-4247-952D-7BB95163028A}.Debug|Any CPU.Build.0 = Debug|Any CPU
		{9344701D-BA31-4247-952D-7BB95163028A}.Release|Any CPU.ActiveCfg = Release|Any CPU
		{9344701D-BA31-4247-952D-7BB95163028A}.Release|Any CPU.Build.0 = Release|Any CPU
	EndGlobalSection
	GlobalSection(SolutionProperties) = preSolution
		HideSolutionNode = FALSE
	EndGlobalSection
	GlobalSection(ExtensibilityGlobals) = postSolution
		SolutionGuid = {ED078CD0-C46C-40A6-AF6C-A2FDCACE26C9}
	EndGlobalSection
EndGlobal
